
Microsoft Visual Studio Solution File, Format Version 12.00
# Visual Studio Version 17
VisualStudioVersion = 17.0.31903.59
MinimumVisualStudioVersion = 10.0.40219.1
Project("{FAE04EC0-301F-11D3-BF4B-00C04F79EFBC}") = "CRUD.Api", "CRUD.Api\CRUD.Api.csproj", "{3E8B24E4-E64B-4E78-99CE-2D81EC49BBA3}"
EndProject
Project("{FAE04EC0-301F-11D3-BF4B-00C04F79EFBC}") = "CRUD.Tests", "CRUD.Tests\CRUD.Tests.csproj", "{4716DADC-AAE4-4A8C-9702-DC3EA07641EA}"
EndProject
Global
	GlobalSection(SolutionConfigurationPlatforms) = preSolution
		Debug|Any CPU = Debug|Any CPU
		Release|Any CPU = Release|Any CPU
	EndGlobalSection
	GlobalSection(SolutionProperties) = preSolution
		HideSolutionNode = FALSE
	EndGlobalSection
	GlobalSection(ProjectConfigurationPlatforms) = postSolution
		{3E8B24E4-E64B-4E78-99CE-2D81EC49BBA3}.Debug|Any CPU.ActiveCfg = Debug|Any CPU
		{3E8B24E4-E64B-4E78-99CE-2D81EC49BBA3}.Debug|Any CPU.Build.0 = Debug|Any CPU
		{3E8B24E4-E64B-4E78-99CE-2D81EC49BBA3}.Release|Any CPU.ActiveCfg = Release|Any CPU
		{3E8B24E4-E64B-4E78-99CE-2D81EC49BBA3}.Release|Any CPU.Build.0 = Release|Any CPU
		{4716DADC-AAE4-4A8C-9702-DC3EA07641EA}.Debug|Any CPU.ActiveCfg = Debug|Any CPU
		{4716DADC-AAE4-4A8C-9702-DC3EA07641EA}.Debug|Any CPU.Build.0 = Debug|Any CPU
		{4716DADC-AAE4-4A8C-9702-DC3EA07641EA}.Release|Any CPU.ActiveCfg = Release|Any CPU
		{4716DADC-AAE4-4A8C-9702-DC3EA07641EA}.Release|Any CPU.Build.0 = Release|Any CPU
	EndGlobalSection
EndGlobal
